
Microsoft Visual Studio Solution File, Format Version 12.00
# Visual Studio Version 17
VisualStudioVersion = 17.3.32922.545
MinimumVisualStudioVersion = 10.0.40219.1
Project("{FAE04EC0-301F-11D3-BF4B-00C04F79EFBC}") = "Symbol", "Symbol\Symbol.csproj", "{9E3DC737-3177-4A47-A2FD-3B80B700B5DD}"
EndProject
Global
	GlobalSection(SolutionConfigurationPlatforms) = preSolution
		Debug|Any CPU = Debug|Any CPU
		Release|Any CPU = Release|Any CPU
	EndGlobalSection
	GlobalSection(ProjectConfigurationPlatforms) = postSolution
		{9E3DC737-3177-4A47-A2FD-3B80B700B5DD}.Debug|Any CPU.ActiveCfg = Debug|Any CPU
		{9E3DC737-3177-4A47-A2FD-3B80B700B5DD}.Debug|Any CPU.Build.0 = Debug|Any CPU
		{9E3DC737-3177-4A47-A2FD-3B80B700B5DD}.Release|Any CPU.ActiveCfg = Release|Any CPU
		{9E3DC737-3177-4A47-A2FD-3B80B700B5DD}.Release|Any CPU.Build.0 = Release|Any CPU
	EndGlobalSection
	GlobalSection(SolutionProperties) = preSolution
		HideSolutionNode = FALSE
	EndGlobalSection
	GlobalSection(ExtensibilityGlobals) = postSolution
		SolutionGuid = {A9FCCDB7-191B-4880-A69C-3E4ACD0E589A}
	EndGlobalSection
EndGlobal
